
Microsoft Visual Studio Solution File, Format Version 12.00
# Visual Studio Version 16
VisualStudioVersion = 16.0.30907.101
MinimumVisualStudioVersion = 10.0.40219.1
Project("{F184B08F-C81C-45F6-A57F-5ABD9991F28F}") = "CapaDatos", "CapaDatos\CapaDatos.vbproj", "{9AA615FE-70CE-4701-8AB9-F800BAC68B8D}"
EndProject
Project("{F184B08F-C81C-45F6-A57F-5ABD9991F28F}") = "CapaNegocio", "CapaNegocio\CapaNegocio.vbproj", "{6D2F82EA-8DB2-48C4-9E8D-0BAC0A244D4A}"
EndProject
Project("{F184B08F-C81C-45F6-A57F-5ABD9991F28F}") = "CapaPresentacion", "CapaPresentacion\CapaPresentacion.vbproj", "{533A3F2C-4CF4-4B5C-B1B1-FF86A33A7361}"
EndProject
Project("{F184B08F-C81C-45F6-A57F-5ABD9991F28F}") = "Common", "Common\Common.vbproj", "{E1F3AD6D-FB97-42B3-A1B5-65BF1C6EA206}"
EndProject
Global
	GlobalSection(SolutionConfigurationPlatforms) = preSolution
		Debug|Any CPU = Debug|Any CPU
		Release|Any CPU = Release|Any CPU
	EndGlobalSection
	GlobalSection(ProjectConfigurationPlatforms) = postSolution
		{9AA615FE-70CE-4701-8AB9-F800BAC68B8D}.Debug|Any CPU.ActiveCfg = Debug|Any CPU
		{9AA615FE-70CE-4701-8AB9-F800BAC68B8D}.Debug|Any CPU.Build.0 = Debug|Any CPU
		{9AA615FE-70CE-4701-8AB9-F800BAC68B8D}.Release|Any CPU.ActiveCfg = Release|Any CPU
		{9AA615FE-70CE-4701-8AB9-F800BAC68B8D}.Release|Any CPU.Build.0 = Release|Any CPU
		{6D2F82EA-8DB2-48C4-9E8D-0BAC0A244D4A}.Debug|Any CPU.ActiveCfg = Debug|Any CPU
		{6D2F82EA-8DB2-48C4-9E8D-0BAC0A244D4A}.Debug|Any CPU.Build.0 = Debug|Any CPU
		{6D2F82EA-8DB2-48C4-9E8D-0BAC0A244D4A}.Release|Any CPU.ActiveCfg = Release|Any CPU
		{6D2F82EA-8DB2-48C4-9E8D-0BAC0A244D4A}.Release|Any CPU.Build.0 = Release|Any CPU
		{533A3F2C-4CF4-4B5C-B1B1-FF86A33A7361}.Debug|Any CPU.ActiveCfg = Debug|Any CPU
		{533A3F2C-4CF4-4B5C-B1B1-FF86A33A7361}.Debug|Any CPU.Build.0 = Debug|Any CPU
		{533A3F2C-4CF4-4B5C-B1B1-FF86A33A7361}.Release|Any CPU.ActiveCfg = Release|Any CPU
		{533A3F2C-4CF4-4B5C-B1B1-FF86A33A7361}.Release|Any CPU.Build.0 = Release|Any CPU
		{E1F3AD6D-FB97-42B3-A1B5-65BF1C6EA206}.Debug|Any CPU.ActiveCfg = Debug|Any CPU
		{E1F3AD6D-FB97-42B3-A1B5-65BF1C6EA206}.Debug|Any CPU.Build.0 = Debug|Any CPU
		{E1F3AD6D-FB97-42B3-A1B5-65BF1C6EA206}.Release|Any CPU.ActiveCfg = Release|Any CPU
		{E1F3AD6D-FB97-42B3-A1B5-65BF1C6EA206}.Release|Any CPU.Build.0 = Release|Any CPU
	EndGlobalSection
	GlobalSection(SolutionProperties) = preSolution
		HideSolutionNode = FALSE
	EndGlobalSection
	GlobalSection(ExtensibilityGlobals) = postSolution
		SolutionGuid = {7AE9D3E7-BA96-4F55-A78D-CF1247E146E2}
	EndGlobalSection
EndGlobal
